{
  "name": "@happyrobot-ai/happyrobot-js",
  "version": "1.0.2",
  "lockfileVersion": 3,
  "requires": true,
  "packages": {
    "": {
      "name": "@happyrobot-ai/happyrobot-js",
      "version": "1.0.2",
      "license": "BSD 2-Clause",
      "dependencies": {
        "@daily-co/daily-js": "^0.57.2",
        "events": "^3.3.0"
      },
      "devDependencies": {
        "@types/node": "^20.11.13"
      }
    },
    "node_modules/@babel/runtime": {
      "version": "7.23.9",
      "resolved": "https://registry.npmjs.org/@babel/runtime/-/runtime-7.23.9.tgz",
      "integrity": "sha512-0CX6F+BI2s9dkUqr08KFrAIZgNFj75rdBU/DjCyYLIaV/quFjkk6T+EJ2LkZHyZTbEV4L5p97mNkUsHl2wLFAw==",
      "dependencies": {
        "regenerator-runtime": "^0.14.0"
      },
      "engines": {
        "node": ">=6.9.0"
      }
    },
    "node_modules/@daily-co/daily-js": {
      "version": "0.57.3",
      "resolved": "https://registry.npmjs.org/@daily-co/daily-js/-/daily-js-0.57.3.tgz",
      "integrity": "sha512-d59bXvgIx8yXSPiFpBBo5ipzjtVVBukM41mPaS2K1HZNFkpaB1o9tIB+8Z7KnvD42lUj5XlIH/RHeVy07RDvug==",
      "dependencies": {
        "@babel/runtime": "^7.12.5",
        "@sentry/browser": "^7.60.1",
        "bowser": "^2.8.1",
        "dequal": "^2.0.3",
        "events": "^3.1.0",
        "fast-equals": "^1.6.3",
        "lodash": "^4.17.15"
      },
      "engines": {
        "node": ">=10.0.0"
      }
    },
    "node_modules/@sentry-internal/feedback": {
      "version": "7.99.0",
      "resolved": "https://registry.npmjs.org/@sentry-internal/feedback/-/feedback-7.99.0.tgz",
      "integrity": "sha512-exIO1o+bE0MW4z30FxC0cYzJ4ZHSMlDPMHCBDPzU+MWGQc/fb8s58QUrx5Dnm6HTh9G3H+YlroCxIo9u0GSwGQ==",
      "dependencies": {
        "@sentry/core": "7.99.0",
        "@sentry/types": "7.99.0",
        "@sentry/utils": "7.99.0"
      },
      "engines": {
        "node": ">=12"
      }
    },
    "node_modules/@sentry-internal/replay-canvas": {
      "version": "7.99.0",
      "resolved": "https://registry.npmjs.org/@sentry-internal/replay-canvas/-/replay-canvas-7.99.0.tgz",
      "integrity": "sha512-PoIkfusToDq0snfl2M6HJx/1KJYtXxYhQplrn11kYadO04SdG0XGXf4h7wBTMEQ7LDEAtQyvsOu4nEQtTO3YjQ==",
      "dependencies": {
        "@sentry/core": "7.99.0",
        "@sentry/replay": "7.99.0",
        "@sentry/types": "7.99.0",
        "@sentry/utils": "7.99.0"
      },
      "engines": {
        "node": ">=12"
      }
    },
    "node_modules/@sentry-internal/tracing": {
      "version": "7.99.0",
      "resolved": "https://registry.npmjs.org/@sentry-internal/tracing/-/tracing-7.99.0.tgz",
      "integrity": "sha512-z3JQhHjoM1KdM20qrHwRClKJrNLr2CcKtCluq7xevLtXHJWNAQQbafnWD+Aoj85EWXBzKt9yJMv2ltcXJ+at+w==",
      "dependencies": {
        "@sentry/core": "7.99.0",
        "@sentry/types": "7.99.0",
        "@sentry/utils": "7.99.0"
      },
      "engines": {
        "node": ">=8"
      }
    },
    "node_modules/@sentry/browser": {
      "version": "7.99.0",
      "resolved": "https://registry.npmjs.org/@sentry/browser/-/browser-7.99.0.tgz",
      "integrity": "sha512-bgfoUv3wkwwLgN5YUOe0ibB3y268ZCnamZh6nLFqnY/UBKC1+FXWFdvzVON/XKUm62LF8wlpCybOf08ebNj2yg==",
      "dependencies": {
        "@sentry-internal/feedback": "7.99.0",
        "@sentry-internal/replay-canvas": "7.99.0",
        "@sentry-internal/tracing": "7.99.0",
        "@sentry/core": "7.99.0",
        "@sentry/replay": "7.99.0",
        "@sentry/types": "7.99.0",
        "@sentry/utils": "7.99.0"
      },
      "engines": {
        "node": ">=8"
      }
    },
    "node_modules/@sentry/core": {
      "version": "7.99.0",
      "resolved": "https://registry.npmjs.org/@sentry/core/-/core-7.99.0.tgz",
      "integrity": "sha512-vOAtzcAXEUtS/oW7wi3wMkZ3hsb5Ch96gKyrrj/mXdOp2zrcwdNV6N9/pawq2E9P/7Pw8AXw4CeDZztZrjQLuA==",
      "dependencies": {
        "@sentry/types": "7.99.0",
        "@sentry/utils": "7.99.0"
      },
      "engines": {
        "node": ">=8"
      }
    },
    "node_modules/@sentry/replay": {
      "version": "7.99.0",
      "resolved": "https://registry.npmjs.org/@sentry/replay/-/replay-7.99.0.tgz",
      "integrity": "sha512-gyN/I2WpQrLAZDT+rScB/0jnFL2knEVBo8U8/OVt8gNP20Pq8T/rDZKO/TG0cBfvULDUbJj2P4CJryn2p/O2rA==",
      "dependencies": {
        "@sentry-internal/tracing": "7.99.0",
        "@sentry/core": "7.99.0",
        "@sentry/types": "7.99.0",
        "@sentry/utils": "7.99.0"
      },
      "engines": {
        "node": ">=12"
      }
    },
    "node_modules/@sentry/types": {
      "version": "7.99.0",
      "resolved": "https://registry.npmjs.org/@sentry/types/-/types-7.99.0.tgz",
      "integrity": "sha512-94qwOw4w40sAs5mCmzcGyj8ZUu/KhnWnuMZARRq96k+SjRW/tHFAOlIdnFSrt3BLPvSOK7R3bVAskZQ0N4FTmA==",
      "engines": {
        "node": ">=8"
      }
    },
    "node_modules/@sentry/utils": {
      "version": "7.99.0",
      "resolved": "https://registry.npmjs.org/@sentry/utils/-/utils-7.99.0.tgz",
      "integrity": "sha512-cYZy5WNTkWs5GgggGnjfGqC44CWir0pAv4GVVSx0fsup4D4pMKBJPrtub15f9uC+QkUf3vVkqwpBqeFxtmJQTQ==",
      "dependencies": {
        "@sentry/types": "7.99.0"
      },
      "engines": {
        "node": ">=8"
      }
    },
    "node_modules/@types/node": {
      "version": "20.11.14",
      "resolved": "https://registry.npmjs.org/@types/node/-/node-20.11.14.tgz",
      "integrity": "sha512-w3yWCcwULefjP9DmDDsgUskrMoOy5Z8MiwKHr1FvqGPtx7CvJzQvxD7eKpxNtklQxLruxSXWddyeRtyud0RcXQ==",
      "dev": true,
      "dependencies": {
        "undici-types": "~5.26.4"
      }
    },
    "node_modules/bowser": {
      "version": "2.11.0",
      "resolved": "https://registry.npmjs.org/bowser/-/bowser-2.11.0.tgz",
      "integrity": "sha512-AlcaJBi/pqqJBIQ8U9Mcpc9i8Aqxn88Skv5d+xBX006BY5u8N3mGLHa5Lgppa7L/HfwgwLgZ6NYs+Ag6uUmJRA=="
    },
    "node_modules/dequal": {
      "version": "2.0.3",
      "resolved": "https://registry.npmjs.org/dequal/-/dequal-2.0.3.tgz",
      "integrity": "sha512-0je+qPKHEMohvfRTCEo3CrPG6cAzAYgmzKyxRiYSSDkS6eGJdyVJm7WaYA5ECaAD9wLB2T4EEeymA5aFVcYXCA==",
      "engines": {
        "node": ">=6"
      }
    },
    "node_modules/events": {
      "version": "3.3.0",
      "resolved": "https://registry.npmjs.org/events/-/events-3.3.0.tgz",
      "integrity": "sha512-mQw+2fkQbALzQ7V0MY0IqdnXNOeTtP4r0lN9z7AAawCXgqea7bDii20AYrIBrFd/Hx0M2Ocz6S111CaFkUcb0Q==",
      "engines": {
        "node": ">=0.8.x"
      }
    },
    "node_modules/fast-equals": {
      "version": "1.6.3",
      "resolved": "https://registry.npmjs.org/fast-equals/-/fast-equals-1.6.3.tgz",
      "integrity": "sha512-4WKW0AL5+WEqO0zWavAfYGY1qwLsBgE//DN4TTcVEN2UlINgkv9b3vm2iHicoenWKSX9mKWmGOsU/iI5IST7pQ=="
    },
    "node_modules/lodash": {
      "version": "4.17.21",
      "resolved": "https://registry.npmjs.org/lodash/-/lodash-4.17.21.tgz",
      "integrity": "sha512-v2kDEe57lecTulaDIuNTPy3Ry4gLGJ6Z1O3vE1krgXZNrsQ+LFTGHVxVjcXPs17LhbZVGedAJv8XZ1tvj5FvSg=="
    },
    "node_modules/regenerator-runtime": {
      "version": "0.14.1",
      "resolved": "https://registry.npmjs.org/regenerator-runtime/-/regenerator-runtime-0.14.1.tgz",
      "integrity": "sha512-dYnhHh0nJoMfnkZs6GmmhFknAGRrLznOu5nc9ML+EJxGvrx6H7teuevqVqCuPcPK//3eDrrjQhehXVx9cnkGdw=="
    },
    "node_modules/undici-types": {
      "version": "5.26.5",
      "resolved": "https://registry.npmjs.org/undici-types/-/undici-types-5.26.5.tgz",
      "integrity": "sha512-JlCMO+ehdEIKqlFxk6IfVoAUVmgz7cU7zD/h9XZ0qzeosSHmUJVOzSQvvYSYWXkFXC+IfLKSIffhv0sVZup6pA==",
      "dev": true
    }
  }
}
